
Microsoft Visual Studio Solution File, Format Version 12.00
# Visual Studio 15
VisualStudioVersion = 15.0.26730.12
MinimumVisualStudioVersion = 10.0.40219.1
Project("{FAE04EC0-301F-11D3-BF4B-00C04F79EFBC}") = "Ghpr.NUnit", "Ghpr.NUnit.csproj", "{5325BE5B-8372-46BC-B7CC-154BD3E9A830}"
EndProject
Project("{FAE04EC0-301F-11D3-BF4B-00C04F79EFBC}") = "ConsoleAppForDebug", "..\ConsoleAppForDebug\ConsoleAppForDebug.csproj", "{AEF76647-7B4D-41AA-9B87-FB4A920772B9}"
EndProject
Project("{FAE04EC0-301F-11D3-BF4B-00C04F79EFBC}") = "NUnitTests", "..\NUnitTests\NUnitTests.csproj", "{BC4C21D7-BCE7-4539-95BA-55760D144693}"
EndProject
Project("{FAE04EC0-301F-11D3-BF4B-00C04F79EFBC}") = "Ghpr.Core", "..\Ghpr.Core\Ghpr.Core\Ghpr.Core.csproj", "{8CDE51DF-B9D2-4945-A992-35E33DECEF36}"
EndProject
Project("{FAE04EC0-301F-11D3-BF4B-00C04F79EFBC}") = "Ghpr.LocalFileSystem", "..\Ghpr.Core\Ghpr.LocalFileSystem\Ghpr.LocalFileSystem.csproj", "{40BE674C-5954-4ABA-B1ED-A890621AD306}"
EndProject
Project("{FAE04EC0-301F-11D3-BF4B-00C04F79EFBC}") = "Ghpr.SerilogToSeqLogger", "..\Ghpr.Core\Ghpr.SerilogToSeq\Ghpr.SerilogToSeqLogger.csproj", "{32EDF166-49DF-4235-A3B9-5877C1E7966C}"
EndProject
Global
	GlobalSection(SolutionConfigurationPlatforms) = preSolution
		Debug|Any CPU = Debug|Any CPU
		Release|Any CPU = Release|Any CPU
	EndGlobalSection
	GlobalSection(ProjectConfigurationPlatforms) = postSolution
		{5325BE5B-8372-46BC-B7CC-154BD3E9A830}.Debug|Any CPU.ActiveCfg = Debug|Any CPU
		{5325BE5B-8372-46BC-B7CC-154BD3E9A830}.Debug|Any CPU.Build.0 = Debug|Any CPU
		{5325BE5B-8372-46BC-B7CC-154BD3E9A830}.Release|Any CPU.ActiveCfg = Release|Any CPU
		{5325BE5B-8372-46BC-B7CC-154BD3E9A830}.Release|Any CPU.Build.0 = Release|Any CPU
		{AEF76647-7B4D-41AA-9B87-FB4A920772B9}.Debug|Any CPU.ActiveCfg = Debug|Any CPU
		{AEF76647-7B4D-41AA-9B87-FB4A920772B9}.Debug|Any CPU.Build.0 = Debug|Any CPU
		{AEF76647-7B4D-41AA-9B87-FB4A920772B9}.Release|Any CPU.ActiveCfg = Release|Any CPU
		{AEF76647-7B4D-41AA-9B87-FB4A920772B9}.Release|Any CPU.Build.0 = Release|Any CPU
		{BC4C21D7-BCE7-4539-95BA-55760D144693}.Debug|Any CPU.ActiveCfg = Debug|Any CPU
		{BC4C21D7-BCE7-4539-95BA-55760D144693}.Debug|Any CPU.Build.0 = Debug|Any CPU
		{BC4C21D7-BCE7-4539-95BA-55760D144693}.Release|Any CPU.ActiveCfg = Release|Any CPU
		{BC4C21D7-BCE7-4539-95BA-55760D144693}.Release|Any CPU.Build.0 = Release|Any CPU
		{8CDE51DF-B9D2-4945-A992-35E33DECEF36}.Debug|Any CPU.ActiveCfg = Debug|Any CPU
		{8CDE51DF-B9D2-4945-A992-35E33DECEF36}.Debug|Any CPU.Build.0 = Debug|Any CPU
		{8CDE51DF-B9D2-4945-A992-35E33DECEF36}.Release|Any CPU.ActiveCfg = Release|Any CPU
		{8CDE51DF-B9D2-4945-A992-35E33DECEF36}.Release|Any CPU.Build.0 = Release|Any CPU
		{40BE674C-5954-4ABA-B1ED-A890621AD306}.Debug|Any CPU.ActiveCfg = Debug|Any CPU
		{40BE674C-5954-4ABA-B1ED-A890621AD306}.Debug|Any CPU.Build.0 = Debug|Any CPU
		{40BE674C-5954-4ABA-B1ED-A890621AD306}.Release|Any CPU.ActiveCfg = Release|Any CPU
		{40BE674C-5954-4ABA-B1ED-A890621AD306}.Release|Any CPU.Build.0 = Release|Any CPU
		{32EDF166-49DF-4235-A3B9-5877C1E7966C}.Debug|Any CPU.ActiveCfg = Debug|Any CPU
		{32EDF166-49DF-4235-A3B9-5877C1E7966C}.Debug|Any CPU.Build.0 = Debug|Any CPU
		{32EDF166-49DF-4235-A3B9-5877C1E7966C}.Release|Any CPU.ActiveCfg = Release|Any CPU
		{32EDF166-49DF-4235-A3B9-5877C1E7966C}.Release|Any CPU.Build.0 = Release|Any CPU
	EndGlobalSection
	GlobalSection(SolutionProperties) = preSolution
		HideSolutionNode = FALSE
	EndGlobalSection
	GlobalSection(ExtensibilityGlobals) = postSolution
		SolutionGuid = {E98A5435-0A49-4A12-89B4-99C86C8B3ED9}
	EndGlobalSection
EndGlobal
