
Microsoft Visual Studio Solution File, Format Version 12.00
# Visual Studio 15
VisualStudioVersion = 15.0.26730.12
MinimumVisualStudioVersion = 10.0.40219.1
Project("{FAE04EC0-301F-11D3-BF4B-00C04F79EFBC}") = "Ghpr.NUnit", "Ghpr.NUnit.csproj", "{5325BE5B-8372-46BC-B7CC-154BD3E9A830}"
EndProject
Project("{FAE04EC0-301F-11D3-BF4B-00C04F79EFBC}") = "ConsoleAppForDebug", "..\ConsoleAppForDebug\ConsoleAppForDebug.csproj", "{AEF76647-7B4D-41AA-9B87-FB4A920772B9}"
EndProject
Global
	GlobalSection(SolutionConfigurationPlatforms) = preSolution
		Debug|Any CPU = Debug|Any CPU
		Release|Any CPU = Release|Any CPU
	EndGlobalSection
	GlobalSection(ProjectConfigurationPlatforms) = postSolution
		{5325BE5B-8372-46BC-B7CC-154BD3E9A830}.Debug|Any CPU.ActiveCfg = Debug|Any CPU
		{5325BE5B-8372-46BC-B7CC-154BD3E9A830}.Debug|Any CPU.Build.0 = Debug|Any CPU
		{5325BE5B-8372-46BC-B7CC-154BD3E9A830}.Release|Any CPU.ActiveCfg = Release|Any CPU
		{5325BE5B-8372-46BC-B7CC-154BD3E9A830}.Release|Any CPU.Build.0 = Release|Any CPU
		{AEF76647-7B4D-41AA-9B87-FB4A920772B9}.Debug|Any CPU.ActiveCfg = Debug|Any CPU
		{AEF76647-7B4D-41AA-9B87-FB4A920772B9}.Debug|Any CPU.Build.0 = Debug|Any CPU
		{AEF76647-7B4D-41AA-9B87-FB4A920772B9}.Release|Any CPU.ActiveCfg = Release|Any CPU
		{AEF76647-7B4D-41AA-9B87-FB4A920772B9}.Release|Any CPU.Build.0 = Release|Any CPU
	EndGlobalSection
	GlobalSection(SolutionProperties) = preSolution
		HideSolutionNode = FALSE
	EndGlobalSection
	GlobalSection(ExtensibilityGlobals) = postSolution
		SolutionGuid = {E98A5435-0A49-4A12-89B4-99C86C8B3ED9}
	EndGlobalSection
EndGlobal
