
Microsoft Visual Studio Solution File, Format Version 12.00
# Visual Studio Version 16
VisualStudioVersion = 16.0.29728.190
MinimumVisualStudioVersion = 10.0.40219.1
Project("{9A19103F-16F7-4668-BE54-9A1E7A4F7556}") = "Ghpr.NUnit", "Ghpr.NUnit.csproj", "{5325BE5B-8372-46BC-B7CC-154BD3E9A830}"
EndProject
Project("{FAE04EC0-301F-11D3-BF4B-00C04F79EFBC}") = "ConsoleAppForDebug", "..\ConsoleAppForDebug\ConsoleAppForDebug.csproj", "{AEF76647-7B4D-41AA-9B87-FB4A920772B9}"
EndProject
Project("{9A19103F-16F7-4668-BE54-9A1E7A4F7556}") = "NUnitTests", "..\NUnitTests\NUnitTests.csproj", "{BC4C21D7-BCE7-4539-95BA-55760D144693}"
EndProject
Project("{9A19103F-16F7-4668-BE54-9A1E7A4F7556}") = "Ghpr.Core", "..\Ghpr.Core\Ghpr.Core.Core\Ghpr.Core.csproj", "{85B6A9C9-294B-4DDF-8E3E-F1CBACF0BF5F}"
EndProject
Project("{9A19103F-16F7-4668-BE54-9A1E7A4F7556}") = "Ghpr.LocalFileSystem", "..\Ghpr.Core\Ghpr.LocalFileSystem.Core\Ghpr.LocalFileSystem.csproj", "{67618731-87F4-436C-B616-19AC504FA995}"
EndProject
Global
	GlobalSection(SolutionConfigurationPlatforms) = preSolution
		Debug|Any CPU = Debug|Any CPU
		Release|Any CPU = Release|Any CPU
	EndGlobalSection
	GlobalSection(ProjectConfigurationPlatforms) = postSolution
		{5325BE5B-8372-46BC-B7CC-154BD3E9A830}.Debug|Any CPU.ActiveCfg = Debug|Any CPU
		{5325BE5B-8372-46BC-B7CC-154BD3E9A830}.Debug|Any CPU.Build.0 = Debug|Any CPU
		{5325BE5B-8372-46BC-B7CC-154BD3E9A830}.Release|Any CPU.ActiveCfg = Release|Any CPU
		{5325BE5B-8372-46BC-B7CC-154BD3E9A830}.Release|Any CPU.Build.0 = Release|Any CPU
		{AEF76647-7B4D-41AA-9B87-FB4A920772B9}.Debug|Any CPU.ActiveCfg = Debug|Any CPU
		{AEF76647-7B4D-41AA-9B87-FB4A920772B9}.Debug|Any CPU.Build.0 = Debug|Any CPU
		{AEF76647-7B4D-41AA-9B87-FB4A920772B9}.Release|Any CPU.ActiveCfg = Release|Any CPU
		{AEF76647-7B4D-41AA-9B87-FB4A920772B9}.Release|Any CPU.Build.0 = Release|Any CPU
		{BC4C21D7-BCE7-4539-95BA-55760D144693}.Debug|Any CPU.ActiveCfg = Debug|Any CPU
		{BC4C21D7-BCE7-4539-95BA-55760D144693}.Debug|Any CPU.Build.0 = Debug|Any CPU
		{BC4C21D7-BCE7-4539-95BA-55760D144693}.Release|Any CPU.ActiveCfg = Release|Any CPU
		{BC4C21D7-BCE7-4539-95BA-55760D144693}.Release|Any CPU.Build.0 = Release|Any CPU
		{85B6A9C9-294B-4DDF-8E3E-F1CBACF0BF5F}.Debug|Any CPU.ActiveCfg = Debug|Any CPU
		{85B6A9C9-294B-4DDF-8E3E-F1CBACF0BF5F}.Debug|Any CPU.Build.0 = Debug|Any CPU
		{85B6A9C9-294B-4DDF-8E3E-F1CBACF0BF5F}.Release|Any CPU.ActiveCfg = Release|Any CPU
		{85B6A9C9-294B-4DDF-8E3E-F1CBACF0BF5F}.Release|Any CPU.Build.0 = Release|Any CPU
		{67618731-87F4-436C-B616-19AC504FA995}.Debug|Any CPU.ActiveCfg = Debug|Any CPU
		{67618731-87F4-436C-B616-19AC504FA995}.Debug|Any CPU.Build.0 = Debug|Any CPU
		{67618731-87F4-436C-B616-19AC504FA995}.Release|Any CPU.ActiveCfg = Release|Any CPU
		{67618731-87F4-436C-B616-19AC504FA995}.Release|Any CPU.Build.0 = Release|Any CPU
	EndGlobalSection
	GlobalSection(SolutionProperties) = preSolution
		HideSolutionNode = FALSE
	EndGlobalSection
	GlobalSection(ExtensibilityGlobals) = postSolution
		SolutionGuid = {E98A5435-0A49-4A12-89B4-99C86C8B3ED9}
	EndGlobalSection
EndGlobal
